
Microsoft Visual Studio Solution File, Format Version 12.00
# Visual Studio Version 16
VisualStudioVersion = 16.0.30114.105
MinimumVisualStudioVersion = 10.0.40219.1
Project("{2150E333-8FDC-42A3-9474-1A3956D46DE8}") = "src", "src", "{A02B311C-28E1-469F-8646-C76B459E074B}"
EndProject
Project("{FAE04EC0-301F-11D3-BF4B-00C04F79EFBC}") = "Frontend", "src\Frontend\Frontend.csproj", "{84761F60-37B8-4949-947B-6204CE1EC62F}"
EndProject
Project("{FAE04EC0-301F-11D3-BF4B-00C04F79EFBC}") = "Ingredients.Data", "src\Ingredients.Data\Ingredients.Data.csproj", "{2A613147-2A62-44D9-8296-5283C03B712F}"
EndProject
Project("{FAE04EC0-301F-11D3-BF4B-00C04F79EFBC}") = "Orders.PubSub", "src\Orders.PubSub\Orders.PubSub.csproj", "{5C1CB20B-599A-4EC2-90BE-F3C7D2B22DA1}"
EndProject
Project("{2150E333-8FDC-42A3-9474-1A3956D46DE8}") = "tools", "tools", "{D8BC1D63-1F1D-45E2-93EE-F1CCCE99F5FE}"
EndProject
Project("{FAE04EC0-301F-11D3-BF4B-00C04F79EFBC}") = "CreateData", "tools\CreateData\CreateData.csproj", "{7E37B07A-1E44-4B19-9468-4608107C4FA7}"
EndProject
Project("{2150E333-8FDC-42A3-9474-1A3956D46DE8}") = "test", "test", "{21D49B5C-2B6C-4E62-B3EC-0E79909BF3F6}"
EndProject
Project("{FAE04EC0-301F-11D3-BF4B-00C04F79EFBC}") = "GrpcTestHelper", "test\GrpcTestHelper\GrpcTestHelper.csproj", "{CF0A8113-7381-44BD-A592-904D839F11C9}"
EndProject
Project("{FAE04EC0-301F-11D3-BF4B-00C04F79EFBC}") = "Ingredients", "src\Ingredients\Ingredients.csproj", "{0E27904D-A2AA-4325-A1AC-8CA3EB2C7023}"
EndProject
Project("{FAE04EC0-301F-11D3-BF4B-00C04F79EFBC}") = "Ingredients.Tests", "test\Ingredients.Tests\Ingredients.Tests.csproj", "{9D512265-A798-448B-8F59-2A5CF9D049D4}"
EndProject
Project("{FAE04EC0-301F-11D3-BF4B-00C04F79EFBC}") = "Orders", "src\Orders\Orders.csproj", "{D1D24803-3D20-434F-B630-B8F53DA8CC53}"
EndProject
Project("{FAE04EC0-301F-11D3-BF4B-00C04F79EFBC}") = "ShopConsole", "src\ShopConsole\ShopConsole.csproj", "{F52FEFF4-3621-4B4E-8A69-4A1BAEA5FA57}"
EndProject
Global
	GlobalSection(SolutionConfigurationPlatforms) = preSolution
		Debug|Any CPU = Debug|Any CPU
		Release|Any CPU = Release|Any CPU
	EndGlobalSection
	GlobalSection(SolutionProperties) = preSolution
		HideSolutionNode = FALSE
	EndGlobalSection
	GlobalSection(ProjectConfigurationPlatforms) = postSolution
		{84761F60-37B8-4949-947B-6204CE1EC62F}.Debug|Any CPU.ActiveCfg = Debug|Any CPU
		{84761F60-37B8-4949-947B-6204CE1EC62F}.Debug|Any CPU.Build.0 = Debug|Any CPU
		{84761F60-37B8-4949-947B-6204CE1EC62F}.Release|Any CPU.ActiveCfg = Release|Any CPU
		{84761F60-37B8-4949-947B-6204CE1EC62F}.Release|Any CPU.Build.0 = Release|Any CPU
		{2A613147-2A62-44D9-8296-5283C03B712F}.Debug|Any CPU.ActiveCfg = Debug|Any CPU
		{2A613147-2A62-44D9-8296-5283C03B712F}.Debug|Any CPU.Build.0 = Debug|Any CPU
		{2A613147-2A62-44D9-8296-5283C03B712F}.Release|Any CPU.ActiveCfg = Release|Any CPU
		{2A613147-2A62-44D9-8296-5283C03B712F}.Release|Any CPU.Build.0 = Release|Any CPU
		{5C1CB20B-599A-4EC2-90BE-F3C7D2B22DA1}.Debug|Any CPU.ActiveCfg = Debug|Any CPU
		{5C1CB20B-599A-4EC2-90BE-F3C7D2B22DA1}.Debug|Any CPU.Build.0 = Debug|Any CPU
		{5C1CB20B-599A-4EC2-90BE-F3C7D2B22DA1}.Release|Any CPU.ActiveCfg = Release|Any CPU
		{5C1CB20B-599A-4EC2-90BE-F3C7D2B22DA1}.Release|Any CPU.Build.0 = Release|Any CPU
		{7E37B07A-1E44-4B19-9468-4608107C4FA7}.Debug|Any CPU.ActiveCfg = Debug|Any CPU
		{7E37B07A-1E44-4B19-9468-4608107C4FA7}.Debug|Any CPU.Build.0 = Debug|Any CPU
		{7E37B07A-1E44-4B19-9468-4608107C4FA7}.Release|Any CPU.ActiveCfg = Release|Any CPU
		{7E37B07A-1E44-4B19-9468-4608107C4FA7}.Release|Any CPU.Build.0 = Release|Any CPU
		{CF0A8113-7381-44BD-A592-904D839F11C9}.Debug|Any CPU.ActiveCfg = Debug|Any CPU
		{CF0A8113-7381-44BD-A592-904D839F11C9}.Debug|Any CPU.Build.0 = Debug|Any CPU
		{CF0A8113-7381-44BD-A592-904D839F11C9}.Release|Any CPU.ActiveCfg = Release|Any CPU
		{CF0A8113-7381-44BD-A592-904D839F11C9}.Release|Any CPU.Build.0 = Release|Any CPU
		{0E27904D-A2AA-4325-A1AC-8CA3EB2C7023}.Debug|Any CPU.ActiveCfg = Debug|Any CPU
		{0E27904D-A2AA-4325-A1AC-8CA3EB2C7023}.Debug|Any CPU.Build.0 = Debug|Any CPU
		{0E27904D-A2AA-4325-A1AC-8CA3EB2C7023}.Release|Any CPU.ActiveCfg = Release|Any CPU
		{0E27904D-A2AA-4325-A1AC-8CA3EB2C7023}.Release|Any CPU.Build.0 = Release|Any CPU
		{9D512265-A798-448B-8F59-2A5CF9D049D4}.Debug|Any CPU.ActiveCfg = Debug|Any CPU
		{9D512265-A798-448B-8F59-2A5CF9D049D4}.Debug|Any CPU.Build.0 = Debug|Any CPU
		{9D512265-A798-448B-8F59-2A5CF9D049D4}.Release|Any CPU.ActiveCfg = Release|Any CPU
		{9D512265-A798-448B-8F59-2A5CF9D049D4}.Release|Any CPU.Build.0 = Release|Any CPU
		{D1D24803-3D20-434F-B630-B8F53DA8CC53}.Debug|Any CPU.ActiveCfg = Debug|Any CPU
		{D1D24803-3D20-434F-B630-B8F53DA8CC53}.Debug|Any CPU.Build.0 = Debug|Any CPU
		{D1D24803-3D20-434F-B630-B8F53DA8CC53}.Release|Any CPU.ActiveCfg = Release|Any CPU
		{D1D24803-3D20-434F-B630-B8F53DA8CC53}.Release|Any CPU.Build.0 = Release|Any CPU
		{F52FEFF4-3621-4B4E-8A69-4A1BAEA5FA57}.Debug|Any CPU.ActiveCfg = Debug|Any CPU
		{F52FEFF4-3621-4B4E-8A69-4A1BAEA5FA57}.Debug|Any CPU.Build.0 = Debug|Any CPU
		{F52FEFF4-3621-4B4E-8A69-4A1BAEA5FA57}.Release|Any CPU.ActiveCfg = Release|Any CPU
		{F52FEFF4-3621-4B4E-8A69-4A1BAEA5FA57}.Release|Any CPU.Build.0 = Release|Any CPU
	EndGlobalSection
	GlobalSection(NestedProjects) = preSolution
		{84761F60-37B8-4949-947B-6204CE1EC62F} = {A02B311C-28E1-469F-8646-C76B459E074B}
		{2A613147-2A62-44D9-8296-5283C03B712F} = {A02B311C-28E1-469F-8646-C76B459E074B}
		{5C1CB20B-599A-4EC2-90BE-F3C7D2B22DA1} = {A02B311C-28E1-469F-8646-C76B459E074B}
		{7E37B07A-1E44-4B19-9468-4608107C4FA7} = {D8BC1D63-1F1D-45E2-93EE-F1CCCE99F5FE}
		{CF0A8113-7381-44BD-A592-904D839F11C9} = {21D49B5C-2B6C-4E62-B3EC-0E79909BF3F6}
		{0E27904D-A2AA-4325-A1AC-8CA3EB2C7023} = {A02B311C-28E1-469F-8646-C76B459E074B}
		{9D512265-A798-448B-8F59-2A5CF9D049D4} = {21D49B5C-2B6C-4E62-B3EC-0E79909BF3F6}
		{D1D24803-3D20-434F-B630-B8F53DA8CC53} = {A02B311C-28E1-469F-8646-C76B459E074B}
		{F52FEFF4-3621-4B4E-8A69-4A1BAEA5FA57} = {A02B311C-28E1-469F-8646-C76B459E074B}
	EndGlobalSection
EndGlobal
